
Microsoft Visual Studio Solution File, Format Version 12.00
# Visual Studio Version 17
VisualStudioVersion = 17.8.34309.116
MinimumVisualStudioVersion = 10.0.40219.1
Project("{FAE04EC0-301F-11D3-BF4B-00C04F79EFBC}") = "Ioana_Popa_Lab1", "Ioana_Popa_Lab1\Ioana_Popa_Lab1.csproj", "{E1C515EB-D5F1-4B8F-9419-4BE4351D45B0}"
EndProject
Global
	GlobalSection(SolutionConfigurationPlatforms) = preSolution
		Debug|Any CPU = Debug|Any CPU
		Release|Any CPU = Release|Any CPU
	EndGlobalSection
	GlobalSection(ProjectConfigurationPlatforms) = postSolution
		{E1C515EB-D5F1-4B8F-9419-4BE4351D45B0}.Debug|Any CPU.ActiveCfg = Debug|Any CPU
		{E1C515EB-D5F1-4B8F-9419-4BE4351D45B0}.Debug|Any CPU.Build.0 = Debug|Any CPU
		{E1C515EB-D5F1-4B8F-9419-4BE4351D45B0}.Release|Any CPU.ActiveCfg = Release|Any CPU
		{E1C515EB-D5F1-4B8F-9419-4BE4351D45B0}.Release|Any CPU.Build.0 = Release|Any CPU
	EndGlobalSection
	GlobalSection(SolutionProperties) = preSolution
		HideSolutionNode = FALSE
	EndGlobalSection
	GlobalSection(ExtensibilityGlobals) = postSolution
		SolutionGuid = {6CEFB239-0341-4A22-83A3-D46DEC7FC7BB}
	EndGlobalSection
EndGlobal
